
Microsoft Visual Studio Solution File, Format Version 12.00
# Visual Studio 15
VisualStudioVersion = 15.0.27004.2009
MinimumVisualStudioVersion = 10.0.40219.1
Project("{F184B08F-C81C-45F6-A57F-5ABD9991F28F}") = "gmadguiMetro", "gmadguiMetro\gmadguiMetro.vbproj", "{26EF9C9F-17FD-46CE-83AA-616FDA6B113F}"
EndProject
Global
	GlobalSection(SolutionConfigurationPlatforms) = preSolution
		Debug|Any CPU = Debug|Any CPU
		Release|Any CPU = Release|Any CPU
	EndGlobalSection
	GlobalSection(ProjectConfigurationPlatforms) = postSolution
		{26EF9C9F-17FD-46CE-83AA-616FDA6B113F}.Debug|Any CPU.ActiveCfg = Debug|Any CPU
		{26EF9C9F-17FD-46CE-83AA-616FDA6B113F}.Debug|Any CPU.Build.0 = Debug|Any CPU
		{26EF9C9F-17FD-46CE-83AA-616FDA6B113F}.Release|Any CPU.ActiveCfg = Release|Any CPU
		{26EF9C9F-17FD-46CE-83AA-616FDA6B113F}.Release|Any CPU.Build.0 = Release|Any CPU
	EndGlobalSection
	GlobalSection(SolutionProperties) = preSolution
		HideSolutionNode = FALSE
	EndGlobalSection
	GlobalSection(ExtensibilityGlobals) = postSolution
		SolutionGuid = {A23C5B69-9EC2-4C06-BB60-5A50F8980F16}
	EndGlobalSection
EndGlobal
